// !$*UTF8*$!
{
	archiveVersion = 1;
	classes = {
	};
	objectVersion = 56;
	objects = {

/* Begin PBXBuildFile section */
		E3186EC02B5A7F62004255DE /* MySwiftAppApp.swift in Sources */ = {isa = PBXBuildFile; fileRef = E3186EBF2B5A7F62004255DE /* MySwiftAppApp.swift */; };
		E3186EC22B5A7F62004255DE /* ContentView.swift in Sources */ = {isa = PBXBuildFile; fileRef = E3186EC12B5A7F62004255DE /* ContentView.swift */; };
		E3186EC42B5A7F63004255DE /* Assets.xcassets in Resources */ = {isa = PBXBuildFile; fileRef = E3186EC32B5A7F63004255DE /* Assets.xcassets */; };
		E3186EC72B5A7F63004255DE /* Preview Assets.xcassets in Resources */ = {isa = PBXBuildFile; fileRef = E3186EC62B5A7F63004255DE /* Preview Assets.xcassets */; };
		E3186ED12B5A7F63004255DE /* MySwiftAppTests.swift in Sources */ = {isa = PBXBuildFile; fileRef = E3186ED02B5A7F63004255DE /* MySwiftAppTests.swift */; };
		E3186EDB2B5A7F64004255DE /* MySwiftAppUITests.swift in Sources */ = {isa = PBXBuildFile; fileRef = E3186EDA2B5A7F64004255DE /* MySwiftAppUITests.swift */; };
		E3186EDD2B5A7F64004255DE /* MySwiftAppUITestsLaunchTests.swift in Sources */ = {isa = PBXBuildFile; fileRef = E3186EDC2B5A7F64004255DE /* MySwiftAppUITestsLaunchTests.swift */; };
/* End PBXBuildFile section */

/* Begin PBXContainerItemProxy section */
		E3186ECD2B5A7F63004255DE /* PBXContainerItemProxy */ = {
			isa = PBXContainerItemProxy;
			containerPortal = E3186EB42B5A7F62004255DE /* Project object */;
			proxyType = 1;
			remoteGlobalIDString = E3186EBB2B5A7F62004255DE;
			remoteInfo = MySwiftApp;
		};
		E3186ED72B5A7F64004255DE /* PBXContainerItemProxy */ = {
			isa = PBXContainerItemProxy;
			containerPortal = E3186EB42B5A7F62004255DE /* Project object */;
			proxyType = 1;
			remoteGlobalIDString = E3186EBB2B5A7F62004255DE;
			remoteInfo = MySwiftApp;
		};
/* End PBXContainerItemProxy section */

/* Begin PBXFileReference section */
		E3186EBC2B5A7F62004255DE /* MySwiftApp.app */ = {isa = PBXFileReference; explicitFileType = wrapper.application; includeInIndex = 0; path = MySwiftApp.app; sourceTree = BUILT_PRODUCTS_DIR; };
		E3186EBF2B5A7F62004255DE /* MySwiftAppApp.swift */ = {isa = PBXFileReference; lastKnownFileType = sourcecode.swift; path = MySwiftAppApp.swift; sourceTree = "<group>"; };
		E3186EC12B5A7F62004255DE /* ContentView.swift */ = {isa = PBXFileReference; lastKnownFileType = sourcecode.swift; path = ContentView.swift; sourceTree = "<group>"; };
		E3186EC32B5A7F63004255DE /* Assets.xcassets */ = {isa = PBXFileReference; lastKnownFileType = folder.assetcatalog; path = Assets.xcassets; sourceTree = "<group>"; };
		E3186EC62B5A7F63004255DE /* Preview Assets.xcassets */ = {isa = PBXFileReference; lastKnownFileType = folder.assetcatalog; path = "Preview Assets.xcassets"; sourceTree = "<group>"; };
		E3186ECC2B5A7F63004255DE /* MySwiftAppTests.xctest */ = {isa = PBXFileReference; explicitFileType = wrapper.cfbundle; includeInIndex = 0; path = MySwiftAppTests.xctest; sourceTree = BUILT_PRODUCTS_DIR; };
		E3186ED02B5A7F63004255DE /* MySwiftAppTests.swift */ = {isa = PBXFileReference; lastKnownFileType = sourcecode.swift; path = MySwiftAppTests.swift; sourceTree = "<group>"; };
		E3186ED62B5A7F64004255DE /* MySwiftAppUITests.xctest */ = {isa = PBXFileReference; explicitFileType = wrapper.cfbundle; includeInIndex = 0; path = MySwiftAppUITests.xctest; sourceTree = BUILT_PRODUCTS_DIR; };
		E3186EDA2B5A7F64004255DE /* MySwiftAppUITests.swift */ = {isa = PBXFileReference; lastKnownFileType = sourcecode.swift; path = MySwiftAppUITests.swift; sourceTree = "<group>"; };
		E3186EDC2B5A7F64004255DE /* MySwiftAppUITestsLaunchTests.swift */ = {isa = PBXFileReference; lastKnownFileType = sourcecode.swift; path = MySwiftAppUITestsLaunchTests.swift; sourceTree = "<group>"; };
/* End PBXFileReference section */

/* Begin PBXFrameworksBuildPhase section */
		E3186EB92B5A7F62004255DE /* Frameworks */ = {
			isa = PBXFrameworksBuildPhase;
			buildActionMask = 2147483647;
			files = (
			);
			runOnlyForDeploymentPostprocessing = 0;
		};
		E3186EC92B5A7F63004255DE /* Frameworks */ = {
			isa = PBXFrameworksBuildPhase;
			buildActionMask = 2147483647;
			files = (
			);
			runOnlyForDeploymentPostprocessing = 0;
		};
		E3186ED32B5A7F64004255DE /* Frameworks */ = {
			isa = PBXFrameworksBuildPhase;
			buildActionMask = 2147483647;
			files = (
			);
			runOnlyForDeploymentPostprocessing = 0;
		};
/* End PBXFrameworksBuildPhase section */

/* Begin PBXGroup section */
		E3186EB32B5A7F62004255DE = {
			isa = PBXGroup;
			children = (
				E3186EBE2B5A7F62004255DE /* MySwiftApp */,
				E3186ECF2B5A7F63004255DE /* MySwiftAppTests */,
				E3186ED92B5A7F64004255DE /* MySwiftAppUITests */,
				E3186EBD2B5A7F62004255DE /* Products */,
			);
			sourceTree = "<group>";
		};
		E3186EBD2B5A7F62004255DE /* Products */ = {
			isa = PBXGroup;
			children = (
				E3186EBC2B5A7F62004255DE /* MySwiftApp.app */,
				E3186ECC2B5A7F63004255DE /* MySwiftAppTests.xctest */,
				E3186ED62B5A7F64004255DE /* MySwiftAppUITests.xctest */,
			);
			name = Products;
			sourceTree = "<group>";
		};
		E3186EBE2B5A7F62004255DE /* MySwiftApp */ = {
			isa = PBXGroup;
			children = (
				E3186EBF2B5A7F62004255DE /* MySwiftAppApp.swift */,
				E3186EC12B5A7F62004255DE /* ContentView.swift */,
				E3186EC32B5A7F63004255DE /* Assets.xcassets */,
				E3186EC52B5A7F63004255DE /* Preview Content */,
			);
			path = MySwiftApp;
			sourceTree = "<group>";
		};
		E3186EC52B5A7F63004255DE /* Preview Content */ = {
			isa = PBXGroup;
			children = (
				E3186EC62B5A7F63004255DE /* Preview Assets.xcassets */,
			);
			path = "Preview Content";
			sourceTree = "<group>";
		};
		E3186ECF2B5A7F63004255DE /* MySwiftAppTests */ = {
			isa = PBXGroup;
			children = (
				E3186ED02B5A7F63004255DE /* MySwiftAppTests.swift */,
			);
			path = MySwiftAppTests;
			sourceTree = "<group>";
		};
		E3186ED92B5A7F64004255DE /* MySwiftAppUITests */ = {
			isa = PBXGroup;
			children = (
				E3186EDA2B5A7F64004255DE /* MySwiftAppUITests.swift */,
				E3186EDC2B5A7F64004255DE /* MySwiftAppUITestsLaunchTests.swift */,
			);
			path = MySwiftAppUITests;
			sourceTree = "<group>";
		};
/* End PBXGroup section */

/* Begin PBXNativeTarget section */
		E3186EBB2B5A7F62004255DE /* MySwiftApp */ = {
			isa = PBXNativeTarget;
			buildConfigurationList = E3186EE02B5A7F64004255DE /* Build configuration list for PBXNativeTarget "MySwiftApp" */;
			buildPhases = (
				E3186EB82B5A7F62004255DE /* Sources */,
				E3186EB92B5A7F62004255DE /* Frameworks */,
				E3186EBA2B5A7F62004255DE /* Resources */,
			);
			buildRules = (
			);
			dependencies = (
			);
			name = MySwiftApp;
			productName = MySwiftApp;
			productReference = E3186EBC2B5A7F62004255DE /* MySwiftApp.app */;
			productType = "com.apple.product-type.application";
		};
		E3186ECB2B5A7F63004255DE /* MySwiftAppTests */ = {
			isa = PBXNativeTarget;
			buildConfigurationList = E3186EE32B5A7F64004255DE /* Build configuration list for PBXNativeTarget "MySwiftAppTests" */;
			buildPhases = (
				E3186EC82B5A7F63004255DE /* Sources */,
				E3186EC92B5A7F63004255DE /* Frameworks */,
				E3186ECA2B5A7F63004255DE /* Resources */,
			);
			buildRules = (
			);
			dependencies = (
				E3186ECE2B5A7F63004255DE /* PBXTargetDependency */,
			);
			name = MySwiftAppTests;
			productName = MySwiftAppTests;
			productReference = E3186ECC2B5A7F63004255DE /* MySwiftAppTests.xctest */;
			productType = "com.apple.product-type.bundle.unit-test";
		};
		E3186ED52B5A7F64004255DE /* MySwiftAppUITests */ = {
			isa = PBXNativeTarget;
			buildConfigurationList = E3186EE62B5A7F64004255DE /* Build configuration list for PBXNativeTarget "MySwiftAppUITests" */;
			buildPhases = (
				E3186ED22B5A7F64004255DE /* Sources */,
				E3186ED32B5A7F64004255DE /* Frameworks */,
				E3186ED42B5A7F64004255DE /* Resources */,
			);
			buildRules = (
			);
			dependencies = (
				E3186ED82B5A7F64004255DE /* PBXTargetDependency */,
			);
			name = MySwiftAppUITests;
			productName = MySwiftAppUITests;
			productReference = E3186ED62B5A7F64004255DE /* MySwiftAppUITests.xctest */;
			productType = "com.apple.product-type.bundle.ui-testing";
		};
/* End PBXNativeTarget section */

/* Begin PBXProject section */
		E3186EB42B5A7F62004255DE /* Project object */ = {
			isa = PBXProject;
			attributes = {
				BuildIndependentTargetsInParallel = 1;
				LastSwiftUpdateCheck = 1500;
				LastUpgradeCheck = 1500;
				TargetAttributes = {
					E3186EBB2B5A7F62004255DE = {
						CreatedOnToolsVersion = 15.0.1;
					};
					E3186ECB2B5A7F63004255DE = {
						CreatedOnToolsVersion = 15.0.1;
						TestTargetID = E3186EBB2B5A7F62004255DE;
					};
					E3186ED52B5A7F64004255DE = {
						CreatedOnToolsVersion = 15.0.1;
						TestTargetID = E3186EBB2B5A7F62004255DE;
					};
				};
			};
			buildConfigurationList = E3186EB72B5A7F62004255DE /* Build configuration list for PBXProject "MySwiftApp" */;
			compatibilityVersion = "Xcode 14.0";
			developmentRegion = en;
			hasScannedForEncodings = 0;
			knownRegions = (
				en,
				Base,
			);
			mainGroup = E3186EB32B5A7F62004255DE;
			productRefGroup = E3186EBD2B5A7F62004255DE /* Products */;
			projectDirPath = "";
			projectRoot = "";
			targets = (
				E3186EBB2B5A7F62004255DE /* MySwiftApp */,
				E3186ECB2B5A7F63004255DE /* MySwiftAppTests */,
				E3186ED52B5A7F64004255DE /* MySwiftAppUITests */,
			);
		};
/* End PBXProject section */

/* Begin PBXResourcesBuildPhase section */
		E3186EBA2B5A7F62004255DE /* Resources */ = {
			isa = PBXResourcesBuildPhase;
			buildActionMask = 2147483647;
			files = (
				E3186EC72B5A7F63004255DE /* Preview Assets.xcassets in Resources */,
				E3186EC42B5A7F63004255DE /* Assets.xcassets in Resources */,
			);
			runOnlyForDeploymentPostprocessing = 0;
		};
		E3186ECA2B5A7F63004255DE /* Resources */ = {
			isa = PBXResourcesBuildPhase;
			buildActionMask = 2147483647;
			files = (
			);
			runOnlyForDeploymentPostprocessing = 0;
		};
		E3186ED42B5A7F64004255DE /* Resources */ = {
			isa = PBXResourcesBuildPhase;
			buildActionMask = 2147483647;
			files = (
			);
			runOnlyForDeploymentPostprocessing = 0;
		};
/* End PBXResourcesBuildPhase section */

/* Begin PBXSourcesBuildPhase section */
		E3186EB82B5A7F62004255DE /* Sources */ = {
			isa = PBXSourcesBuildPhase;
			buildActionMask = 2147483647;
			files = (
				E3186EC22B5A7F62004255DE /* ContentView.swift in Sources */,
				E3186EC02B5A7F62004255DE /* MySwiftAppApp.swift in Sources */,
			);
			runOnlyForDeploymentPostprocessing = 0;
		};
		E3186EC82B5A7F63004255DE /* Sources */ = {
			isa = PBXSourcesBuildPhase;
			buildActionMask = 2147483647;
			files = (
				E3186ED12B5A7F63004255DE /* MySwiftAppTests.swift in Sources */,
			);
			runOnlyForDeploymentPostprocessing = 0;
		};
		E3186ED22B5A7F64004255DE /* Sources */ = {
			isa = PBXSourcesBuildPhase;
			buildActionMask = 2147483647;
			files = (
				E3186EDD2B5A7F64004255DE /* MySwiftAppUITestsLaunchTests.swift in Sources */,
				E3186EDB2B5A7F64004255DE /* MySwiftAppUITests.swift in Sources */,
			);
			runOnlyForDeploymentPostprocessing = 0;
		};
/* End PBXSourcesBuildPhase section */

/* Begin PBXTargetDependency section */
		E3186ECE2B5A7F63004255DE /* PBXTargetDependency */ = {
			isa = PBXTargetDependency;
			target = E3186EBB2B5A7F62004255DE /* MySwiftApp */;
			targetProxy = E3186ECD2B5A7F63004255DE /* PBXContainerItemProxy */;
		};
		E3186ED82B5A7F64004255DE /* PBXTargetDependency */ = {
			isa = PBXTargetDependency;
			target = E3186EBB2B5A7F62004255DE /* MySwiftApp */;
			targetProxy = E3186ED72B5A7F64004255DE /* PBXContainerItemProxy */;
		};
/* End PBXTargetDependency section */

/* Begin XCBuildConfiguration section */
		E3186EDE2B5A7F64004255DE /* Debug */ = {
			isa = XCBuildConfiguration;
			buildSettings = {
				ALWAYS_SEARCH_USER_PATHS = NO;
				ASSETCATALOG_COMPILER_GENERATE_SWIFT_ASSET_SYMBOL_EXTENSIONS = YES;
				CLANG_ANALYZER_NONNULL = YES;
				CLANG_ANALYZER_NUMBER_OBJECT_CONVERSION = YES_AGGRESSIVE;
				CLANG_CXX_LANGUAGE_STANDARD = "gnu++20";
				CLANG_ENABLE_MODULES = YES;
				CLANG_ENABLE_OBJC_ARC = YES;
				CLANG_ENABLE_OBJC_WEAK = YES;
				CLANG_WARN_BLOCK_CAPTURE_AUTORELEASING = YES;
				CLANG_WARN_BOOL_CONVERSION = YES;
				CLANG_WARN_COMMA = YES;
				CLANG_WARN_CONSTANT_CONVERSION = YES;
				CLANG_WARN_DEPRECATED_OBJC_IMPLEMENTATIONS = YES;
				CLANG_WARN_DIRECT_OBJC_ISA_USAGE = YES_ERROR;
				CLANG_WARN_DOCUMENTATION_COMMENTS = YES;
				CLANG_WARN_EMPTY_BODY = YES;
				CLANG_WARN_ENUM_CONVERSION = YES;
				CLANG_WARN_INFINITE_RECURSION = YES;
				CLANG_WARN_INT_CONVERSION = YES;
				CLANG_WARN_NON_LITERAL_NULL_CONVERSION = YES;
				CLANG_WARN_OBJC_IMPLICIT_RETAIN_SELF = YES;
				CLANG_WARN_OBJC_LITERAL_CONVERSION = YES;
				CLANG_WARN_OBJC_ROOT_CLASS = YES_ERROR;
				CLANG_WARN_QUOTED_INCLUDE_IN_FRAMEWORK_HEADER = YES;
				CLANG_WARN_RANGE_LOOP_ANALYSIS = YES;
				CLANG_WARN_STRICT_PROTOTYPES = YES;
				CLANG_WARN_SUSPICIOUS_MOVE = YES;
				CLANG_WARN_UNGUARDED_AVAILABILITY = YES_AGGRESSIVE;
				CLANG_WARN_UNREACHABLE_CODE = YES;
				CLANG_WARN__DUPLICATE_METHOD_MATCH = YES;
				COPY_PHASE_STRIP = NO;
				DEBUG_INFORMATION_FORMAT = dwarf;
				ENABLE_STRICT_OBJC_MSGSEND = YES;
				ENABLE_TESTABILITY = YES;
				ENABLE_USER_SCRIPT_SANDBOXING = YES;
				GCC_C_LANGUAGE_STANDARD = gnu17;
				GCC_DYNAMIC_NO_PIC = NO;
				GCC_NO_COMMON_BLOCKS = YES;
				GCC_OPTIMIZATION_LEVEL = 0;
				GCC_PREPROCESSOR_DEFINITIONS = (
					"DEBUG=1",
					"$(inherited)",
				);
				GCC_WARN_64_TO_32_BIT_CONVERSION = YES;
				GCC_WARN_ABOUT_RETURN_TYPE = YES_ERROR;
				GCC_WARN_UNDECLARED_SELECTOR = YES;
				GCC_WARN_UNINITIALIZED_AUTOS = YES_AGGRESSIVE;
				GCC_WARN_UNUSED_FUNCTION = YES;
				GCC_WARN_UNUSED_VARIABLE = YES;
				IPHONEOS_DEPLOYMENT_TARGET = 17.0;
				LOCALIZATION_PREFERS_STRING_CATALOGS = YES;
				MTL_ENABLE_DEBUG_INFO = INCLUDE_SOURCE;
				MTL_FAST_MATH = YES;
				ONLY_ACTIVE_ARCH = YES;
				SDKROOT = iphoneos;
				SWIFT_ACTIVE_COMPILATION_CONDITIONS = "DEBUG $(inherited)";
				SWIFT_OPTIMIZATION_LEVEL = "-Onone";
			};
			name = Debug;
		};
		E3186EDF2B5A7F64004255DE /* Release */ = {
			isa = XCBuildConfiguration;
			buildSettings = {
				ALWAYS_SEARCH_USER_PATHS = NO;
				ASSETCATALOG_COMPILER_GENERATE_SWIFT_ASSET_SYMBOL_EXTENSIONS = YES;
				CLANG_ANALYZER_NONNULL = YES;
				CLANG_ANALYZER_NUMBER_OBJECT_CONVERSION = YES_AGGRESSIVE;
				CLANG_CXX_LANGUAGE_STANDARD = "gnu++20";
				CLANG_ENABLE_MODULES = YES;
				CLANG_ENABLE_OBJC_ARC = YES;
				CLANG_ENABLE_OBJC_WEAK = YES;
				CLANG_WARN_BLOCK_CAPTURE_AUTORELEASING = YES;
				CLANG_WARN_BOOL_CONVERSION = YES;
				CLANG_WARN_COMMA = YES;
				CLANG_WARN_CONSTANT_CONVERSION = YES;
				CLANG_WARN_DEPRECATED_OBJC_IMPLEMENTATIONS = YES;
				CLANG_WARN_DIRECT_OBJC_ISA_USAGE = YES_ERROR;
				CLANG_WARN_DOCUMENTATION_COMMENTS = YES;
				CLANG_WARN_EMPTY_BODY = YES;
				CLANG_WARN_ENUM_CONVERSION = YES;
				CLANG_WARN_INFINITE_RECURSION = YES;
				CLANG_WARN_INT_CONVERSION = YES;
				CLANG_WARN_NON_LITERAL_NULL_CONVERSION = YES;
				CLANG_WARN_OBJC_IMPLICIT_RETAIN_SELF = YES;
				CLANG_WARN_OBJC_LITERAL_CONVERSION = YES;
				CLANG_WARN_OBJC_ROOT_CLASS = YES_ERROR;
				CLANG_WARN_QUOTED_INCLUDE_IN_FRAMEWORK_HEADER = YES;
				CLANG_WARN_RANGE_LOOP_ANALYSIS = YES;
				CLANG_WARN_STRICT_PROTOTYPES = YES;
				CLANG_WARN_SUSPICIOUS_MOVE = YES;
				CLANG_WARN_UNGUARDED_AVAILABILITY = YES_AGGRESSIVE;
				CLANG_WARN_UNREACHABLE_CODE = YES;
				CLANG_WARN__DUPLICATE_METHOD_MATCH = YES;
				COPY_PHASE_STRIP = NO;
				DEBUG_INFORMATION_FORMAT = "dwarf-with-dsym";
				ENABLE_NS_ASSERTIONS = NO;
				ENABLE_STRICT_OBJC_MSGSEND = YES;
				ENABLE_USER_SCRIPT_SANDBOXING = YES;
				GCC_C_LANGUAGE_STANDARD = gnu17;
				GCC_NO_COMMON_BLOCKS = YES;
				GCC_WARN_64_TO_32_BIT_CONVERSION = YES;
				GCC_WARN_ABOUT_RETURN_TYPE = YES_ERROR;
				GCC_WARN_UNDECLARED_SELECTOR = YES;
				GCC_WARN_UNINITIALIZED_AUTOS = YES_AGGRESSIVE;
				GCC_WARN_UNUSED_FUNCTION = YES;
				GCC_WARN_UNUSED_VARIABLE = YES;
				IPHONEOS_DEPLOYMENT_TARGET = 17.0;
				LOCALIZATION_PREFERS_STRING_CATALOGS = YES;
				MTL_ENABLE_DEBUG_INFO = NO;
				MTL_FAST_MATH = YES;
				SDKROOT = iphoneos;
				SWIFT_COMPILATION_MODE = wholemodule;
				VALIDATE_PRODUCT = YES;
			};
			name = Release;
		};
		E3186EE12B5A7F64004255DE /* Debug */ = {
			isa = XCBuildConfiguration;
			buildSettings = {
				ASSETCATALOG_COMPILER_APPICON_NAME = AppIcon;
				ASSETCATALOG_COMPILER_GLOBAL_ACCENT_COLOR_NAME = AccentColor;
				CODE_SIGN_STYLE = Automatic;
				CURRENT_PROJECT_VERSION = 1;
				DEVELOPMENT_ASSET_PATHS = "\"MySwiftApp/Preview Content\"";
				DEVELOPMENT_TEAM = 7W9PZ27Y5F;
				ENABLE_PREVIEWS = YES;
				GENERATE_INFOPLIST_FILE = YES;
				INFOPLIST_KEY_UIApplicationSceneManifest_Generation = YES;
				INFOPLIST_KEY_UIApplicationSupportsIndirectInputEvents = YES;
				INFOPLIST_KEY_UILaunchScreen_Generation = YES;
				INFOPLIST_KEY_UISupportedInterfaceOrientations_iPad = "UIInterfaceOrientationPortrait UIInterfaceOrientationPortraitUpsideDown UIInterfaceOrientationLandscapeLeft UIInterfaceOrientationLandscapeRight";
				INFOPLIST_KEY_UISupportedInterfaceOrientations_iPhone = "UIInterfaceOrientationPortrait UIInterfaceOrientationLandscapeLeft UIInterfaceOrientationLandscapeRight";
				LD_RUNPATH_SEARCH_PATHS = (
					"$(inherited)",
					"@executable_path/Frameworks",
				);
				MARKETING_VERSION = 1.0;
				PRODUCT_BUNDLE_IDENTIFIER = com.smartbear.MySwiftApp;
				PRODUCT_NAME = "$(TARGET_NAME)";
				SWIFT_EMIT_LOC_STRINGS = YES;
				SWIFT_VERSION = 5.0;
				TARGETED_DEVICE_FAMILY = "1,2";
			};
			name = Debug;
		};
		E3186EE22B5A7F64004255DE /* Release */ = {
			isa = XCBuildConfiguration;
			buildSettings = {
				ASSETCATALOG_COMPILER_APPICON_NAME = AppIcon;
				ASSETCATALOG_COMPILER_GLOBAL_ACCENT_COLOR_NAME = AccentColor;
				CODE_SIGN_STYLE = Automatic;
				CURRENT_PROJECT_VERSION = 1;
				DEVELOPMENT_ASSET_PATHS = "\"MySwiftApp/Preview Content\"";
				DEVELOPMENT_TEAM = 7W9PZ27Y5F;
				ENABLE_PREVIEWS = YES;
				GENERATE_INFOPLIST_FILE = YES;
				INFOPLIST_KEY_UIApplicationSceneManifest_Generation = YES;
				INFOPLIST_KEY_UIApplicationSupportsIndirectInputEvents = YES;
				INFOPLIST_KEY_UILaunchScreen_Generation = YES;
				INFOPLIST_KEY_UISupportedInterfaceOrientations_iPad = "UIInterfaceOrientationPortrait UIInterfaceOrientationPortraitUpsideDown UIInterfaceOrientationLandscapeLeft UIInterfaceOrientationLandscapeRight";
				INFOPLIST_KEY_UISupportedInterfaceOrientations_iPhone = "UIInterfaceOrientationPortrait UIInterfaceOrientationLandscapeLeft UIInterfaceOrientationLandscapeRight";
				LD_RUNPATH_SEARCH_PATHS = (
					"$(inherited)",
					"@executable_path/Frameworks",
				);
				MARKETING_VERSION = 1.0;
				PRODUCT_BUNDLE_IDENTIFIER = com.smartbear.MySwiftApp;
				PRODUCT_NAME = "$(TARGET_NAME)";
				SWIFT_EMIT_LOC_STRINGS = YES;
				SWIFT_VERSION = 5.0;
				TARGETED_DEVICE_FAMILY = "1,2";
			};
			name = Release;
		};
		E3186EE42B5A7F64004255DE /* Debug */ = {
			isa = XCBuildConfiguration;
			buildSettings = {
				ALWAYS_EMBED_SWIFT_STANDARD_LIBRARIES = YES;
				BUNDLE_LOADER = "$(TEST_HOST)";
				CODE_SIGN_STYLE = Automatic;
				CURRENT_PROJECT_VERSION = 1;
				DEVELOPMENT_TEAM = 7W9PZ27Y5F;
				GENERATE_INFOPLIST_FILE = YES;
				IPHONEOS_DEPLOYMENT_TARGET = 17.0;
				MARKETING_VERSION = 1.0;
				PRODUCT_BUNDLE_IDENTIFIER = com.smartbear.MySwiftAppTests;
				PRODUCT_NAME = "$(TARGET_NAME)";
				SWIFT_EMIT_LOC_STRINGS = NO;
				SWIFT_VERSION = 5.0;
				TARGETED_DEVICE_FAMILY = "1,2";
				TEST_HOST = "$(BUILT_PRODUCTS_DIR)/MySwiftApp.app/$(BUNDLE_EXECUTABLE_FOLDER_PATH)/MySwiftApp";
			};
			name = Debug;
		};
		E3186EE52B5A7F64004255DE /* Release */ = {
			isa = XCBuildConfiguration;
			buildSettings = {
				ALWAYS_EMBED_SWIFT_STANDARD_LIBRARIES = YES;
				BUNDLE_LOADER = "$(TEST_HOST)";
				CODE_SIGN_STYLE = Automatic;
				CURRENT_PROJECT_VERSION = 1;
				DEVELOPMENT_TEAM = 7W9PZ27Y5F;
				GENERATE_INFOPLIST_FILE = YES;
				IPHONEOS_DEPLOYMENT_TARGET = 17.0;
				MARKETING_VERSION = 1.0;
				PRODUCT_BUNDLE_IDENTIFIER = com.smartbear.MySwiftAppTests;
				PRODUCT_NAME = "$(TARGET_NAME)";
				SWIFT_EMIT_LOC_STRINGS = NO;
				SWIFT_VERSION = 5.0;
				TARGETED_DEVICE_FAMILY = "1,2";
				TEST_HOST = "$(BUILT_PRODUCTS_DIR)/MySwiftApp.app/$(BUNDLE_EXECUTABLE_FOLDER_PATH)/MySwiftApp";
			};
			name = Release;
		};
		E3186EE72B5A7F64004255DE /* Debug */ = {
			isa = XCBuildConfiguration;
			buildSettings = {
				ALWAYS_EMBED_SWIFT_STANDARD_LIBRARIES = YES;
				CODE_SIGN_STYLE = Automatic;
				CURRENT_PROJECT_VERSION = 1;
				DEVELOPMENT_TEAM = 7W9PZ27Y5F;
				GENERATE_INFOPLIST_FILE = YES;
				MARKETING_VERSION = 1.0;
				PRODUCT_BUNDLE_IDENTIFIER = com.smartbear.MySwiftAppUITests;
				PRODUCT_NAME = "$(TARGET_NAME)";
				SWIFT_EMIT_LOC_STRINGS = NO;
				SWIFT_VERSION = 5.0;
				TARGETED_DEVICE_FAMILY = "1,2";
				TEST_TARGET_NAME = MySwiftApp;
			};
			name = Debug;
		};
		E3186EE82B5A7F64004255DE /* Release */ = {
			isa = XCBuildConfiguration;
			buildSettings = {
				ALWAYS_EMBED_SWIFT_STANDARD_LIBRARIES = YES;
				CODE_SIGN_STYLE = Automatic;
				CURRENT_PROJECT_VERSION = 1;
				DEVELOPMENT_TEAM = 7W9PZ27Y5F;
				GENERATE_INFOPLIST_FILE = YES;
				MARKETING_VERSION = 1.0;
				PRODUCT_BUNDLE_IDENTIFIER = com.smartbear.MySwiftAppUITests;
				PRODUCT_NAME = "$(TARGET_NAME)";
				SWIFT_EMIT_LOC_STRINGS = NO;
				SWIFT_VERSION = 5.0;
				TARGETED_DEVICE_FAMILY = "1,2";
				TEST_TARGET_NAME = MySwiftApp;
			};
			name = Release;
		};
/* End XCBuildConfiguration section */

/* Begin XCConfigurationList section */
		E3186EB72B5A7F62004255DE /* Build configuration list for PBXProject "MySwiftApp" */ = {
			isa = XCConfigurationList;
			buildConfigurations = (
				E3186EDE2B5A7F64004255DE /* Debug */,
				E3186EDF2B5A7F64004255DE /* Release */,
			);
			defaultConfigurationIsVisible = 0;
			defaultConfigurationName = Release;
		};
		E3186EE02B5A7F64004255DE /* Build configuration list for PBXNativeTarget "MySwiftApp" */ = {
			isa = XCConfigurationList;
			buildConfigurations = (
				E3186EE12B5A7F64004255DE /* Debug */,
				E3186EE22B5A7F64004255DE /* Release */,
			);
			defaultConfigurationIsVisible = 0;
			defaultConfigurationName = Release;
		};
		E3186EE32B5A7F64004255DE /* Build configuration list for PBXNativeTarget "MySwiftAppTests" */ = {
			isa = XCConfigurationList;
			buildConfigurations = (
				E3186EE42B5A7F64004255DE /* Debug */,
				E3186EE52B5A7F64004255DE /* Release */,
			);
			defaultConfigurationIsVisible = 0;
			defaultConfigurationName = Release;
		};
		E3186EE62B5A7F64004255DE /* Build configuration list for PBXNativeTarget "MySwiftAppUITests" */ = {
			isa = XCConfigurationList;
			buildConfigurations = (
				E3186EE72B5A7F64004255DE /* Debug */,
				E3186EE82B5A7F64004255DE /* Release */,
			);
			defaultConfigurationIsVisible = 0;
			defaultConfigurationName = Release;
		};
/* End XCConfigurationList section */
	};
	rootObject = E3186EB42B5A7F62004255DE /* Project object */;
}
